// !$*UTF8*$!
{
	archiveVersion = 1;
	classes = {
	};
	objectVersion = 46;
	objects = {

/* Begin PBXBuildFile section */
		3A1834871FCF758000D5D869 /* AppDelegate.m in Sources */ = {isa = PBXBuildFile; fileRef = 3A1834861FCF758000D5D869 /* AppDelegate.m */; };
		3A1834891FCF758000D5D869 /* main.m in Sources */ = {isa = PBXBuildFile; fileRef = 3A1834881FCF758000D5D869 /* main.m */; };
		3A18348C1FCF758000D5D869 /* ViewController.m in Sources */ = {isa = PBXBuildFile; fileRef = 3A18348B1FCF758000D5D869 /* ViewController.m */; };
		3A18348F1FCF758000D5D869 /* Cave_Logger.xcdatamodeld in Sources */ = {isa = PBXBuildFile; fileRef = 3A18348D1FCF758000D5D869 /* Cave_Logger.xcdatamodeld */; };
		3A1834911FCF758000D5D869 /* Images.xcassets in Resources */ = {isa = PBXBuildFile; fileRef = 3A1834901FCF758000D5D869 /* Images.xcassets */; };
		3A1834941FCF758000D5D869 /* Main.storyboard in Resources */ = {isa = PBXBuildFile; fileRef = 3A1834921FCF758000D5D869 /* Main.storyboard */; };
		3A1834A01FCF758100D5D869 /* Cave_LoggerTests.m in Sources */ = {isa = PBXBuildFile; fileRef = 3A18349F1FCF758100D5D869 /* Cave_LoggerTests.m */; };
/* End PBXBuildFile section */

/* Begin PBXContainerItemProxy section */
		3A18349A1FCF758100D5D869 /* PBXContainerItemProxy */ = {
			isa = PBXContainerItemProxy;
			containerPortal = 3A1834781FCF758000D5D869 /* Project object */;
			proxyType = 1;
			remoteGlobalIDString = 3A18347F1FCF758000D5D869;
			remoteInfo = "Cave Logger";
		};
/* End PBXContainerItemProxy section */

/* Begin PBXFileReference section */
		3A1834801FCF758000D5D869 /* Cave Logger.app */ = {isa = PBXFileReference; explicitFileType = wrapper.application; includeInIndex = 0; path = "Cave Logger.app"; sourceTree = BUILT_PRODUCTS_DIR; };
		3A1834841FCF758000D5D869 /* Info.plist */ = {isa = PBXFileReference; lastKnownFileType = text.plist.xml; path = Info.plist; sourceTree = "<group>"; };
		3A1834851FCF758000D5D869 /* AppDelegate.h */ = {isa = PBXFileReference; lastKnownFileType = sourcecode.c.h; path = AppDelegate.h; sourceTree = "<group>"; };
		3A1834861FCF758000D5D869 /* AppDelegate.m */ = {isa = PBXFileReference; lastKnownFileType = sourcecode.c.objc; path = AppDelegate.m; sourceTree = "<group>"; };
		3A1834881FCF758000D5D869 /* main.m */ = {isa = PBXFileReference; lastKnownFileType = sourcecode.c.objc; path = main.m; sourceTree = "<group>"; };
		3A18348A1FCF758000D5D869 /* ViewController.h */ = {isa = PBXFileReference; lastKnownFileType = sourcecode.c.h; path = ViewController.h; sourceTree = "<group>"; };
		3A18348B1FCF758000D5D869 /* ViewController.m */ = {isa = PBXFileReference; lastKnownFileType = sourcecode.c.objc; path = ViewController.m; sourceTree = "<group>"; };
		3A18348E1FCF758000D5D869 /* Cave_Logger.xcdatamodel */ = {isa = PBXFileReference; lastKnownFileType = wrapper.xcdatamodel; path = Cave_Logger.xcdatamodel; sourceTree = "<group>"; };
		3A1834901FCF758000D5D869 /* Images.xcassets */ = {isa = PBXFileReference; lastKnownFileType = folder.assetcatalog; path = Images.xcassets; sourceTree = "<group>"; };
		3A1834931FCF758000D5D869 /* Base */ = {isa = PBXFileReference; lastKnownFileType = file.storyboard; name = Base; path = Base.lproj/Main.storyboard; sourceTree = "<group>"; };
		3A1834991FCF758100D5D869 /* Cave LoggerTests.xctest */ = {isa = PBXFileReference; explicitFileType = wrapper.cfbundle; includeInIndex = 0; path = "Cave LoggerTests.xctest"; sourceTree = BUILT_PRODUCTS_DIR; };
		3A18349E1FCF758100D5D869 /* Info.plist */ = {isa = PBXFileReference; lastKnownFileType = text.plist.xml; path = Info.plist; sourceTree = "<group>"; };
		3A18349F1FCF758100D5D869 /* Cave_LoggerTests.m */ = {isa = PBXFileReference; lastKnownFileType = sourcecode.c.objc; path = Cave_LoggerTests.m; sourceTree = "<group>"; };
/* End PBXFileReference section */

/* Begin PBXFrameworksBuildPhase section */
		3A18347D1FCF758000D5D869 /* Frameworks */ = {
			isa = PBXFrameworksBuildPhase;
			buildActionMask = 2147483647;
			files = (
			);
			runOnlyForDeploymentPostprocessing = 0;
		};
		3A1834961FCF758100D5D869 /* Frameworks */ = {
			isa = PBXFrameworksBuildPhase;
			buildActionMask = 2147483647;
			files = (
			);
			runOnlyForDeploymentPostprocessing = 0;
		};
/* End PBXFrameworksBuildPhase section */

/* Begin PBXGroup section */
		3A1834771FCF758000D5D869 = {
			isa = PBXGroup;
			children = (
				3A1834821FCF758000D5D869 /* Cave Logger */,
				3A18349C1FCF758100D5D869 /* Cave LoggerTests */,
				3A1834811FCF758000D5D869 /* Products */,
			);
			sourceTree = "<group>";
		};
		3A1834811FCF758000D5D869 /* Products */ = {
			isa = PBXGroup;
			children = (
				3A1834801FCF758000D5D869 /* Cave Logger.app */,
				3A1834991FCF758100D5D869 /* Cave LoggerTests.xctest */,
			);
			name = Products;
			sourceTree = "<group>";
		};
		3A1834821FCF758000D5D869 /* Cave Logger */ = {
			isa = PBXGroup;
			children = (
				3A1834851FCF758000D5D869 /* AppDelegate.h */,
				3A1834861FCF758000D5D869 /* AppDelegate.m */,
				3A18348A1FCF758000D5D869 /* ViewController.h */,
				3A18348B1FCF758000D5D869 /* ViewController.m */,
				3A1834901FCF758000D5D869 /* Images.xcassets */,
				3A1834921FCF758000D5D869 /* Main.storyboard */,
				3A18348D1FCF758000D5D869 /* Cave_Logger.xcdatamodeld */,
				3A1834831FCF758000D5D869 /* Supporting Files */,
			);
			path = "Cave Logger";
			sourceTree = "<group>";
		};
		3A1834831FCF758000D5D869 /* Supporting Files */ = {
			isa = PBXGroup;
			children = (
				3A1834841FCF758000D5D869 /* Info.plist */,
				3A1834881FCF758000D5D869 /* main.m */,
			);
			name = "Supporting Files";
			sourceTree = "<group>";
		};
		3A18349C1FCF758100D5D869 /* Cave LoggerTests */ = {
			isa = PBXGroup;
			children = (
				3A18349F1FCF758100D5D869 /* Cave_LoggerTests.m */,
				3A18349D1FCF758100D5D869 /* Supporting Files */,
			);
			path = "Cave LoggerTests";
			sourceTree = "<group>";
		};
		3A18349D1FCF758100D5D869 /* Supporting Files */ = {
			isa = PBXGroup;
			children = (
				3A18349E1FCF758100D5D869 /* Info.plist */,
			);
			name = "Supporting Files";
			sourceTree = "<group>";
		};
/* End PBXGroup section */

/* Begin PBXNativeTarget section */
		3A18347F1FCF758000D5D869 /* Cave Logger */ = {
			isa = PBXNativeTarget;
			buildConfigurationList = 3A1834A31FCF758100D5D869 /* Build configuration list for PBXNativeTarget "Cave Logger" */;
			buildPhases = (
				3A18347C1FCF758000D5D869 /* Sources */,
				3A18347D1FCF758000D5D869 /* Frameworks */,
				3A18347E1FCF758000D5D869 /* Resources */,
			);
			buildRules = (
			);
			dependencies = (
			);
			name = "Cave Logger";
			productName = "Cave Logger";
			productReference = 3A1834801FCF758000D5D869 /* Cave Logger.app */;
			productType = "com.apple.product-type.application";
		};
		3A1834981FCF758100D5D869 /* Cave LoggerTests */ = {
			isa = PBXNativeTarget;
			buildConfigurationList = 3A1834A61FCF758100D5D869 /* Build configuration list for PBXNativeTarget "Cave LoggerTests" */;
			buildPhases = (
				3A1834951FCF758100D5D869 /* Sources */,
				3A1834961FCF758100D5D869 /* Frameworks */,
				3A1834971FCF758100D5D869 /* Resources */,
			);
			buildRules = (
			);
			dependencies = (
				3A18349B1FCF758100D5D869 /* PBXTargetDependency */,
			);
			name = "Cave LoggerTests";
			productName = "Cave LoggerTests";
			productReference = 3A1834991FCF758100D5D869 /* Cave LoggerTests.xctest */;
			productType = "com.apple.product-type.bundle.unit-test";
		};
/* End PBXNativeTarget section */

/* Begin PBXProject section */
		3A1834781FCF758000D5D869 /* Project object */ = {
			isa = PBXProject;
			attributes = {
				LastUpgradeCheck = 0640;
				ORGANIZATIONNAME = "Eoghan Conlon O'Neill";
				TargetAttributes = {
					3A18347F1FCF758000D5D869 = {
						CreatedOnToolsVersion = 6.4;
					};
					3A1834981FCF758100D5D869 = {
						CreatedOnToolsVersion = 6.4;
						TestTargetID = 3A18347F1FCF758000D5D869;
					};
				};
			};
			buildConfigurationList = 3A18347B1FCF758000D5D869 /* Build configuration list for PBXProject "Cave Logger" */;
			compatibilityVersion = "Xcode 3.2";
			developmentRegion = English;
			hasScannedForEncodings = 0;
			knownRegions = (
				en,
				Base,
			);
			mainGroup = 3A1834771FCF758000D5D869;
			productRefGroup = 3A1834811FCF758000D5D869 /* Products */;
			projectDirPath = "";
			projectRoot = "";
			targets = (
				3A18347F1FCF758000D5D869 /* Cave Logger */,
				3A1834981FCF758100D5D869 /* Cave LoggerTests */,
			);
		};
/* End PBXProject section */

/* Begin PBXResourcesBuildPhase section */
		3A18347E1FCF758000D5D869 /* Resources */ = {
			isa = PBXResourcesBuildPhase;
			buildActionMask = 2147483647;
			files = (
				3A1834911FCF758000D5D869 /* Images.xcassets in Resources */,
				3A1834941FCF758000D5D869 /* Main.storyboard in Resources */,
			);
			runOnlyForDeploymentPostprocessing = 0;
		};
		3A1834971FCF758100D5D869 /* Resources */ = {
			isa = PBXResourcesBuildPhase;
			buildActionMask = 2147483647;
			files = (
			);
			runOnlyForDeploymentPostprocessing = 0;
		};
/* End PBXResourcesBuildPhase section */

/* Begin PBXSourcesBuildPhase section */
		3A18347C1FCF758000D5D869 /* Sources */ = {
			isa = PBXSourcesBuildPhase;
			buildActionMask = 2147483647;
			files = (
				3A18348C1FCF758000D5D869 /* ViewController.m in Sources */,
				3A1834891FCF758000D5D869 /* main.m in Sources */,
				3A18348F1FCF758000D5D869 /* Cave_Logger.xcdatamodeld in Sources */,
				3A1834871FCF758000D5D869 /* AppDelegate.m in Sources */,
			);
			runOnlyForDeploymentPostprocessing = 0;
		};
		3A1834951FCF758100D5D869 /* Sources */ = {
			isa = PBXSourcesBuildPhase;
			buildActionMask = 2147483647;
			files = (
				3A1834A01FCF758100D5D869 /* Cave_LoggerTests.m in Sources */,
			);
			runOnlyForDeploymentPostprocessing = 0;
		};
/* End PBXSourcesBuildPhase section */

/* Begin PBXTargetDependency section */
		3A18349B1FCF758100D5D869 /* PBXTargetDependency */ = {
			isa = PBXTargetDependency;
			target = 3A18347F1FCF758000D5D869 /* Cave Logger */;
			targetProxy = 3A18349A1FCF758100D5D869 /* PBXContainerItemProxy */;
		};
/* End PBXTargetDependency section */

/* Begin PBXVariantGroup section */
		3A1834921FCF758000D5D869 /* Main.storyboard */ = {
			isa = PBXVariantGroup;
			children = (
				3A1834931FCF758000D5D869 /* Base */,
			);
			name = Main.storyboard;
			sourceTree = "<group>";
		};
/* End PBXVariantGroup section */

/* Begin XCBuildConfiguration section */
		3A1834A11FCF758100D5D869 /* Debug */ = {
			isa = XCBuildConfiguration;
			buildSettings = {
				ALWAYS_SEARCH_USER_PATHS = NO;
				CLANG_CXX_LANGUAGE_STANDARD = "gnu++0x";
				CLANG_CXX_LIBRARY = "libc++";
				CLANG_ENABLE_MODULES = YES;
				CLANG_ENABLE_OBJC_ARC = YES;
				CLANG_WARN_BOOL_CONVERSION = YES;
				CLANG_WARN_CONSTANT_CONVERSION = YES;
				CLANG_WARN_DIRECT_OBJC_ISA_USAGE = YES_ERROR;
				CLANG_WARN_EMPTY_BODY = YES;
				CLANG_WARN_ENUM_CONVERSION = YES;
				CLANG_WARN_INT_CONVERSION = YES;
				CLANG_WARN_OBJC_ROOT_CLASS = YES_ERROR;
				CLANG_WARN_UNREACHABLE_CODE = YES;
				CLANG_WARN__DUPLICATE_METHOD_MATCH = YES;
				CODE_SIGN_IDENTITY = "-";
				COPY_PHASE_STRIP = NO;
				DEBUG_INFORMATION_FORMAT = dwarf;
				ENABLE_STRICT_OBJC_MSGSEND = YES;
				GCC_C_LANGUAGE_STANDARD = gnu99;
				GCC_DYNAMIC_NO_PIC = NO;
				GCC_NO_COMMON_BLOCKS = YES;
				GCC_OPTIMIZATION_LEVEL = 0;
				GCC_PREPROCESSOR_DEFINITIONS = (
					"DEBUG=1",
					"$(inherited)",
				);
				GCC_SYMBOLS_PRIVATE_EXTERN = NO;
				GCC_WARN_64_TO_32_BIT_CONVERSION = YES;
				GCC_WARN_ABOUT_RETURN_TYPE = YES_ERROR;
				GCC_WARN_UNDECLARED_SELECTOR = YES;
				GCC_WARN_UNINITIALIZED_AUTOS = YES_AGGRESSIVE;
				GCC_WARN_UNUSED_FUNCTION = YES;
				GCC_WARN_UNUSED_VARIABLE = YES;
				MACOSX_DEPLOYMENT_TARGET = 10.10;
				MTL_ENABLE_DEBUG_INFO = YES;
				ONLY_ACTIVE_ARCH = YES;
				SDKROOT = macosx;
			};
			name = Debug;
		};
		3A1834A21FCF758100D5D869 /* Release */ = {
			isa = XCBuildConfiguration;
			buildSettings = {
				ALWAYS_SEARCH_USER_PATHS = NO;
				CLANG_CXX_LANGUAGE_STANDARD = "gnu++0x";
				CLANG_CXX_LIBRARY = "libc++";
				CLANG_ENABLE_MODULES = YES;
				CLANG_ENABLE_OBJC_ARC = YES;
				CLANG_WARN_BOOL_CONVERSION = YES;
				CLANG_WARN_CONSTANT_CONVERSION = YES;
				CLANG_WARN_DIRECT_OBJC_ISA_USAGE = YES_ERROR;
				CLANG_WARN_EMPTY_BODY = YES;
				CLANG_WARN_ENUM_CONVERSION = YES;
				CLANG_WARN_INT_CONVERSION = YES;
				CLANG_WARN_OBJC_ROOT_CLASS = YES_ERROR;
				CLANG_WARN_UNREACHABLE_CODE = YES;
				CLANG_WARN__DUPLICATE_METHOD_MATCH = YES;
				CODE_SIGN_IDENTITY = "-";
				COPY_PHASE_STRIP = NO;
				DEBUG_INFORMATION_FORMAT = "dwarf-with-dsym";
				ENABLE_NS_ASSERTIONS = NO;
				ENABLE_STRICT_OBJC_MSGSEND = YES;
				GCC_C_LANGUAGE_STANDARD = gnu99;
				GCC_NO_COMMON_BLOCKS = YES;
				GCC_WARN_64_TO_32_BIT_CONVERSION = YES;
				GCC_WARN_ABOUT_RETURN_TYPE = YES_ERROR;
				GCC_WARN_UNDECLARED_SELECTOR = YES;
				GCC_WARN_UNINITIALIZED_AUTOS = YES_AGGRESSIVE;
				GCC_WARN_UNUSED_FUNCTION = YES;
				GCC_WARN_UNUSED_VARIABLE = YES;
				MACOSX_DEPLOYMENT_TARGET = 10.10;
				MTL_ENABLE_DEBUG_INFO = NO;
				SDKROOT = macosx;
			};
			name = Release;
		};
		3A1834A41FCF758100D5D869 /* Debug */ = {
			isa = XCBuildConfiguration;
			buildSettings = {
				ASSETCATALOG_COMPILER_APPICON_NAME = AppIcon;
				COMBINE_HIDPI_IMAGES = YES;
				INFOPLIST_FILE = "Cave Logger/Info.plist";
				LD_RUNPATH_SEARCH_PATHS = "$(inherited) @executable_path/../Frameworks";
				PRODUCT_NAME = "$(TARGET_NAME)";
			};
			name = Debug;
		};
		3A1834A51FCF758100D5D869 /* Release */ = {
			isa = XCBuildConfiguration;
			buildSettings = {
				ASSETCATALOG_COMPILER_APPICON_NAME = AppIcon;
				COMBINE_HIDPI_IMAGES = YES;
				INFOPLIST_FILE = "Cave Logger/Info.plist";
				LD_RUNPATH_SEARCH_PATHS = "$(inherited) @executable_path/../Frameworks";
				PRODUCT_NAME = "$(TARGET_NAME)";
			};
			name = Release;
		};
		3A1834A71FCF758100D5D869 /* Debug */ = {
			isa = XCBuildConfiguration;
			buildSettings = {
				BUNDLE_LOADER = "$(TEST_HOST)";
				COMBINE_HIDPI_IMAGES = YES;
				FRAMEWORK_SEARCH_PATHS = (
					"$(DEVELOPER_FRAMEWORKS_DIR)",
					"$(inherited)",
				);
				GCC_PREPROCESSOR_DEFINITIONS = (
					"DEBUG=1",
					"$(inherited)",
				);
				INFOPLIST_FILE = "Cave LoggerTests/Info.plist";
				LD_RUNPATH_SEARCH_PATHS = "$(inherited) @executable_path/../Frameworks @loader_path/../Frameworks";
				PRODUCT_NAME = "$(TARGET_NAME)";
				TEST_HOST = "$(BUILT_PRODUCTS_DIR)/Cave Logger.app/Contents/MacOS/Cave Logger";
			};
			name = Debug;
		};
		3A1834A81FCF758100D5D869 /* Release */ = {
			isa = XCBuildConfiguration;
			buildSettings = {
				BUNDLE_LOADER = "$(TEST_HOST)";
				COMBINE_HIDPI_IMAGES = YES;
				FRAMEWORK_SEARCH_PATHS = (
					"$(DEVELOPER_FRAMEWORKS_DIR)",
					"$(inherited)",
				);
				INFOPLIST_FILE = "Cave LoggerTests/Info.plist";
				LD_RUNPATH_SEARCH_PATHS = "$(inherited) @executable_path/../Frameworks @loader_path/../Frameworks";
				PRODUCT_NAME = "$(TARGET_NAME)";
				TEST_HOST = "$(BUILT_PRODUCTS_DIR)/Cave Logger.app/Contents/MacOS/Cave Logger";
			};
			name = Release;
		};
/* End XCBuildConfiguration section */

/* Begin XCConfigurationList section */
		3A18347B1FCF758000D5D869 /* Build configuration list for PBXProject "Cave Logger" */ = {
			isa = XCConfigurationList;
			buildConfigurations = (
				3A1834A11FCF758100D5D869 /* Debug */,
				3A1834A21FCF758100D5D869 /* Release */,
			);
			defaultConfigurationIsVisible = 0;
			defaultConfigurationName = Release;
		};
		3A1834A31FCF758100D5D869 /* Build configuration list for PBXNativeTarget "Cave Logger" */ = {
			isa = XCConfigurationList;
			buildConfigurations = (
				3A1834A41FCF758100D5D869 /* Debug */,
				3A1834A51FCF758100D5D869 /* Release */,
			);
			defaultConfigurationIsVisible = 0;
		};
		3A1834A61FCF758100D5D869 /* Build configuration list for PBXNativeTarget "Cave LoggerTests" */ = {
			isa = XCConfigurationList;
			buildConfigurations = (
				3A1834A71FCF758100D5D869 /* Debug */,
				3A1834A81FCF758100D5D869 /* Release */,
			);
			defaultConfigurationIsVisible = 0;
		};
/* End XCConfigurationList section */

/* Begin XCVersionGroup section */
		3A18348D1FCF758000D5D869 /* Cave_Logger.xcdatamodeld */ = {
			isa = XCVersionGroup;
			children = (
				3A18348E1FCF758000D5D869 /* Cave_Logger.xcdatamodel */,
			);
			currentVersion = 3A18348E1FCF758000D5D869 /* Cave_Logger.xcdatamodel */;
			path = Cave_Logger.xcdatamodeld;
			sourceTree = "<group>";
			versionGroupType = wrapper.xcdatamodel;
		};
/* End XCVersionGroup section */
	};
	rootObject = 3A1834781FCF758000D5D869 /* Project object */;
}
